
Microsoft Visual Studio Solution File, Format Version 12.00
Project("{FAE04EC0-301F-11D3-BF4B-00C04F79EFBC}") = "Prac", "Prac\Prac.csproj", "{1166F9E3-6EE6-400A-A307-607C47295304}"
EndProject
Global
	GlobalSection(SolutionConfigurationPlatforms) = preSolution
		Debug|Any CPU = Debug|Any CPU
		Release|Any CPU = Release|Any CPU
	EndGlobalSection
	GlobalSection(ProjectConfigurationPlatforms) = postSolution
		{1166F9E3-6EE6-400A-A307-607C47295304}.Debug|Any CPU.ActiveCfg = Debug|Any CPU
		{1166F9E3-6EE6-400A-A307-607C47295304}.Debug|Any CPU.Build.0 = Debug|Any CPU
		{1166F9E3-6EE6-400A-A307-607C47295304}.Release|Any CPU.ActiveCfg = Release|Any CPU
		{1166F9E3-6EE6-400A-A307-607C47295304}.Release|Any CPU.Build.0 = Release|Any CPU
	EndGlobalSection
EndGlobal
